// !$*UTF8*$!
{
	archiveVersion = 1;
	classes = {
	};
	objectVersion = 46;
	objects = {

/* Begin PBXBuildFile section */
		86CD92C91E39034A00384A3D /* AppDelegate.swift in Sources */ = {isa = PBXBuildFile; fileRef = 86CD92C81E39034A00384A3D /* AppDelegate.swift */; };
		86CD92CB1E39034A00384A3D /* ViewController.swift in Sources */ = {isa = PBXBuildFile; fileRef = 86CD92CA1E39034A00384A3D /* ViewController.swift */; };
		86CD92CE1E39034A00384A3D /* Main.storyboard in Resources */ = {isa = PBXBuildFile; fileRef = 86CD92CC1E39034A00384A3D /* Main.storyboard */; };
		86CD92D01E39034A00384A3D /* Assets.xcassets in Resources */ = {isa = PBXBuildFile; fileRef = 86CD92CF1E39034A00384A3D /* Assets.xcassets */; };
		86CD92D31E39034A00384A3D /* LaunchScreen.storyboard in Resources */ = {isa = PBXBuildFile; fileRef = 86CD92D11E39034A00384A3D /* LaunchScreen.storyboard */; };
/* End PBXBuildFile section */

/* Begin PBXFileReference section */
		86CD92C51E39034A00384A3D /* Photo Play.app */ = {isa = PBXFileReference; explicitFileType = wrapper.application; includeInIndex = 0; path = "Photo Play.app"; sourceTree = BUILT_PRODUCTS_DIR; };
		86CD92C81E39034A00384A3D /* AppDelegate.swift */ = {isa = PBXFileReference; lastKnownFileType = sourcecode.swift; path = AppDelegate.swift; sourceTree = "<group>"; };
		86CD92CA1E39034A00384A3D /* ViewController.swift */ = {isa = PBXFileReference; lastKnownFileType = sourcecode.swift; path = ViewController.swift; sourceTree = "<group>"; };
		86CD92CD1E39034A00384A3D /* Base */ = {isa = PBXFileReference; lastKnownFileType = file.storyboard; name = Base; path = Base.lproj/Main.storyboard; sourceTree = "<group>"; };
		86CD92CF1E39034A00384A3D /* Assets.xcassets */ = {isa = PBXFileReference; lastKnownFileType = folder.assetcatalog; path = Assets.xcassets; sourceTree = "<group>"; };
		86CD92D21E39034A00384A3D /* Base */ = {isa = PBXFileReference; lastKnownFileType = file.storyboard; name = Base; path = Base.lproj/LaunchScreen.storyboard; sourceTree = "<group>"; };
		86CD92D41E39034A00384A3D /* Info.plist */ = {isa = PBXFileReference; lastKnownFileType = text.plist.xml; path = Info.plist; sourceTree = "<group>"; };
/* End PBXFileReference section */

/* Begin PBXFrameworksBuildPhase section */
		86CD92C21E39034900384A3D /* Frameworks */ = {
			isa = PBXFrameworksBuildPhase;
			buildActionMask = 2147483647;
			files = (
			);
			runOnlyForDeploymentPostprocessing = 0;
		};
/* End PBXFrameworksBuildPhase section */

/* Begin PBXGroup section */
		86CD92BC1E39034900384A3D = {
			isa = PBXGroup;
			children = (
				86CD92C71E39034A00384A3D /* Photo Play */,
				86CD92C61E39034A00384A3D /* Products */,
			);
			sourceTree = "<group>";
		};
		86CD92C61E39034A00384A3D /* Products */ = {
			isa = PBXGroup;
			children = (
				86CD92C51E39034A00384A3D /* Photo Play.app */,
			);
			name = Products;
			sourceTree = "<group>";
		};
		86CD92C71E39034A00384A3D /* Photo Play */ = {
			isa = PBXGroup;
			children = (
				86CD92C81E39034A00384A3D /* AppDelegate.swift */,
				86CD92CA1E39034A00384A3D /* ViewController.swift */,
				86CD92CC1E39034A00384A3D /* Main.storyboard */,
				86CD92CF1E39034A00384A3D /* Assets.xcassets */,
				86CD92D11E39034A00384A3D /* LaunchScreen.storyboard */,
				86CD92D41E39034A00384A3D /* Info.plist */,
			);
			path = "Photo Play";
			sourceTree = "<group>";
		};
/* End PBXGroup section */

/* Begin PBXNativeTarget section */
		86CD92C41E39034900384A3D /* Photo Play */ = {
			isa = PBXNativeTarget;
			buildConfigurationList = 86CD92D71E39034A00384A3D /* Build configuration list for PBXNativeTarget "Photo Play" */;
			buildPhases = (
				86CD92C11E39034900384A3D /* Sources */,
				86CD92C21E39034900384A3D /* Frameworks */,
				86CD92C31E39034900384A3D /* Resources */,
			);
			buildRules = (
			);
			dependencies = (
			);
			name = "Photo Play";
			productName = "Photo Play";
			productReference = 86CD92C51E39034A00384A3D /* Photo Play.app */;
			productType = "com.apple.product-type.application";
		};
/* End PBXNativeTarget section */

/* Begin PBXProject section */
		86CD92BD1E39034900384A3D /* Project object */ = {
			isa = PBXProject;
			attributes = {
				LastSwiftUpdateCheck = 0820;
				LastUpgradeCheck = 0820;
				ORGANIZATIONNAME = "Ticia Chance";
				TargetAttributes = {
					86CD92C41E39034900384A3D = {
						CreatedOnToolsVersion = 8.2.1;
						DevelopmentTeam = TAFW84825Y;
						ProvisioningStyle = Automatic;
					};
				};
			};
			buildConfigurationList = 86CD92C01E39034900384A3D /* Build configuration list for PBXProject "Photo Play" */;
			compatibilityVersion = "Xcode 3.2";
			developmentRegion = English;
			hasScannedForEncodings = 0;
			knownRegions = (
				en,
				Base,
			);
			mainGroup = 86CD92BC1E39034900384A3D;
			productRefGroup = 86CD92C61E39034A00384A3D /* Products */;
			projectDirPath = "";
			projectRoot = "";
			targets = (
				86CD92C41E39034900384A3D /* Photo Play */,
			);
		};
/* End PBXProject section */

/* Begin PBXResourcesBuildPhase section */
		86CD92C31E39034900384A3D /* Resources */ = {
			isa = PBXResourcesBuildPhase;
			buildActionMask = 2147483647;
			files = (
				86CD92D31E39034A00384A3D /* LaunchScreen.storyboard in Resources */,
				86CD92D01E39034A00384A3D /* Assets.xcassets in Resources */,
				86CD92CE1E39034A00384A3D /* Main.storyboard in Resources */,
			);
			runOnlyForDeploymentPostprocessing = 0;
		};
/* End PBXResourcesBuildPhase section */

/* Begin PBXSourcesBuildPhase section */
		86CD92C11E39034900384A3D /* Sources */ = {
			isa = PBXSourcesBuildPhase;
			buildActionMask = 2147483647;
			files = (
				86CD92CB1E39034A00384A3D /* ViewController.swift in Sources */,
				86CD92C91E39034A00384A3D /* AppDelegate.swift in Sources */,
			);
			runOnlyForDeploymentPostprocessing = 0;
		};
/* End PBXSourcesBuildPhase section */

/* Begin PBXVariantGroup section */
		86CD92CC1E39034A00384A3D /* Main.storyboard */ = {
			isa = PBXVariantGroup;
			children = (
				86CD92CD1E39034A00384A3D /* Base */,
			);
			name = Main.storyboard;
			sourceTree = "<group>";
		};
		86CD92D11E39034A00384A3D /* LaunchScreen.storyboard */ = {
			isa = PBXVariantGroup;
			children = (
				86CD92D21E39034A00384A3D /* Base */,
			);
			name = LaunchScreen.storyboard;
			sourceTree = "<group>";
		};
/* End PBXVariantGroup section */

/* Begin XCBuildConfiguration section */
		86CD92D51E39034A00384A3D /* Debug */ = {
			isa = XCBuildConfiguration;
			buildSettings = {
				ALWAYS_SEARCH_USER_PATHS = NO;
				CLANG_ANALYZER_NONNULL = YES;
				CLANG_CXX_LANGUAGE_STANDARD = "gnu++0x";
				CLANG_CXX_LIBRARY = "libc++";
				CLANG_ENABLE_MODULES = YES;
				CLANG_ENABLE_OBJC_ARC = YES;
				CLANG_WARN_BOOL_CONVERSION = YES;
				CLANG_WARN_CONSTANT_CONVERSION = YES;
				CLANG_WARN_DIRECT_OBJC_ISA_USAGE = YES_ERROR;
				CLANG_WARN_DOCUMENTATION_COMMENTS = YES;
				CLANG_WARN_EMPTY_BODY = YES;
				CLANG_WARN_ENUM_CONVERSION = YES;
				CLANG_WARN_INFINITE_RECURSION = YES;
				CLANG_WARN_INT_CONVERSION = YES;
				CLANG_WARN_OBJC_ROOT_CLASS = YES_ERROR;
				CLANG_WARN_SUSPICIOUS_MOVE = YES;
				CLANG_WARN_UNREACHABLE_CODE = YES;
				CLANG_WARN__DUPLICATE_METHOD_MATCH = YES;
				"CODE_SIGN_IDENTITY[sdk=iphoneos*]" = "iPhone Developer";
				COPY_PHASE_STRIP = NO;
				DEBUG_INFORMATION_FORMAT = dwarf;
				ENABLE_STRICT_OBJC_MSGSEND = YES;
				ENABLE_TESTABILITY = YES;
				GCC_C_LANGUAGE_STANDARD = gnu99;
				GCC_DYNAMIC_NO_PIC = NO;
				GCC_NO_COMMON_BLOCKS = YES;
				GCC_OPTIMIZATION_LEVEL = 0;
				GCC_PREPROCESSOR_DEFINITIONS = (
					"DEBUG=1",
					"$(inherited)",
				);
				GCC_WARN_64_TO_32_BIT_CONVERSION = YES;
				GCC_WARN_ABOUT_RETURN_TYPE = YES_ERROR;
				GCC_WARN_UNDECLARED_SELECTOR = YES;
				GCC_WARN_UNINITIALIZED_AUTOS = YES_AGGRESSIVE;
				GCC_WARN_UNUSED_FUNCTION = YES;
				GCC_WARN_UNUSED_VARIABLE = YES;
				IPHONEOS_DEPLOYMENT_TARGET = 10.2;
				MTL_ENABLE_DEBUG_INFO = YES;
				ONLY_ACTIVE_ARCH = YES;
				SDKROOT = iphoneos;
				SWIFT_ACTIVE_COMPILATION_CONDITIONS = DEBUG;
				SWIFT_OPTIMIZATION_LEVEL = "-Onone";
				TARGETED_DEVICE_FAMILY = "1,2";
			};
			name = Debug;
		};
		86CD92D61E39034A00384A3D /* Release */ = {
			isa = XCBuildConfiguration;
			buildSettings = {
				ALWAYS_SEARCH_USER_PATHS = NO;
				CLANG_ANALYZER_NONNULL = YES;
				CLANG_CXX_LANGUAGE_STANDARD = "gnu++0x";
				CLANG_CXX_LIBRARY = "libc++";
				CLANG_ENABLE_MODULES = YES;
				CLANG_ENABLE_OBJC_ARC = YES;
				CLANG_WARN_BOOL_CONVERSION = YES;
				CLANG_WARN_CONSTANT_CONVERSION = YES;
				CLANG_WARN_DIRECT_OBJC_ISA_USAGE = YES_ERROR;
				CLANG_WARN_DOCUMENTATION_COMMENTS = YES;
				CLANG_WARN_EMPTY_BODY = YES;
				CLANG_WARN_ENUM_CONVERSION = YES;
				CLANG_WARN_INFINITE_RECURSION = YES;
				CLANG_WARN_INT_CONVERSION = YES;
				CLANG_WARN_OBJC_ROOT_CLASS = YES_ERROR;
				CLANG_WARN_SUSPICIOUS_MOVE = YES;
				CLANG_WARN_UNREACHABLE_CODE = YES;
				CLANG_WARN__DUPLICATE_METHOD_MATCH = YES;
				"CODE_SIGN_IDENTITY[sdk=iphoneos*]" = "iPhone Developer";
				COPY_PHASE_STRIP = NO;
				DEBUG_INFORMATION_FORMAT = "dwarf-with-dsym";
				ENABLE_NS_ASSERTIONS = NO;
				ENABLE_STRICT_OBJC_MSGSEND = YES;
				GCC_C_LANGUAGE_STANDARD = gnu99;
				GCC_NO_COMMON_BLOCKS = YES;
				GCC_WARN_64_TO_32_BIT_CONVERSION = YES;
				GCC_WARN_ABOUT_RETURN_TYPE = YES_ERROR;
				GCC_WARN_UNDECLARED_SELECTOR = YES;
				GCC_WARN_UNINITIALIZED_AUTOS = YES_AGGRESSIVE;
				GCC_WARN_UNUSED_FUNCTION = YES;
				GCC_WARN_UNUSED_VARIABLE = YES;
				IPHONEOS_DEPLOYMENT_TARGET = 10.2;
				MTL_ENABLE_DEBUG_INFO = NO;
				SDKROOT = iphoneos;
				SWIFT_OPTIMIZATION_LEVEL = "-Owholemodule";
				TARGETED_DEVICE_FAMILY = "1,2";
				VALIDATE_PRODUCT = YES;
			};
			name = Release;
		};
		86CD92D81E39034A00384A3D /* Debug */ = {
			isa = XCBuildConfiguration;
			buildSettings = {
				ASSETCATALOG_COMPILER_APPICON_NAME = AppIcon;
				DEVELOPMENT_TEAM = TAFW84825Y;
				INFOPLIST_FILE = "Photo Play/Info.plist";
				LD_RUNPATH_SEARCH_PATHS = "$(inherited) @executable_path/Frameworks";
				PRODUCT_BUNDLE_IDENTIFIER = "electricchance.com.Photo-Play";
				PRODUCT_NAME = "$(TARGET_NAME)";
				SWIFT_VERSION = 3.0;
			};
			name = Debug;
		};
		86CD92D91E39034A00384A3D /* Release */ = {
			isa = XCBuildConfiguration;
			buildSettings = {
				ASSETCATALOG_COMPILER_APPICON_NAME = AppIcon;
				DEVELOPMENT_TEAM = TAFW84825Y;
				INFOPLIST_FILE = "Photo Play/Info.plist";
				LD_RUNPATH_SEARCH_PATHS = "$(inherited) @executable_path/Frameworks";
				PRODUCT_BUNDLE_IDENTIFIER = "electricchance.com.Photo-Play";
				PRODUCT_NAME = "$(TARGET_NAME)";
				SWIFT_VERSION = 3.0;
			};
			name = Release;
		};
/* End XCBuildConfiguration section */

/* Begin XCConfigurationList section */
		86CD92C01E39034900384A3D /* Build configuration list for PBXProject "Photo Play" */ = {
			isa = XCConfigurationList;
			buildConfigurations = (
				86CD92D51E39034A00384A3D /* Debug */,
				86CD92D61E39034A00384A3D /* Release */,
			);
			defaultConfigurationIsVisible = 0;
			defaultConfigurationName = Release;
		};
		86CD92D71E39034A00384A3D /* Build configuration list for PBXNativeTarget "Photo Play" */ = {
			isa = XCConfigurationList;
			buildConfigurations = (
				86CD92D81E39034A00384A3D /* Debug */,
				86CD92D91E39034A00384A3D /* Release */,
			);
			defaultConfigurationIsVisible = 0;
		};
/* End XCConfigurationList section */
	};
	rootObject = 86CD92BD1E39034900384A3D /* Project object */;
}
